
Microsoft Visual Studio Solution File, Format Version 12.00
# Visual Studio Version 17
VisualStudioVersion = 17.9.34728.123
MinimumVisualStudioVersion = 10.0.40219.1
Project("{FAE04EC0-301F-11D3-BF4B-00C04F79EFBC}") = "Assignment 3.1.1", "Assignment 3.1.1.csproj", "{89C02A74-CFCB-4F96-A031-FD0FFCFC5C08}"
EndProject
Global
	GlobalSection(SolutionConfigurationPlatforms) = preSolution
		Debug|Any CPU = Debug|Any CPU
		Release|Any CPU = Release|Any CPU
	EndGlobalSection
	GlobalSection(ProjectConfigurationPlatforms) = postSolution
		{89C02A74-CFCB-4F96-A031-FD0FFCFC5C08}.Debug|Any CPU.ActiveCfg = Debug|Any CPU
		{89C02A74-CFCB-4F96-A031-FD0FFCFC5C08}.Debug|Any CPU.Build.0 = Debug|Any CPU
		{89C02A74-CFCB-4F96-A031-FD0FFCFC5C08}.Release|Any CPU.ActiveCfg = Release|Any CPU
		{89C02A74-CFCB-4F96-A031-FD0FFCFC5C08}.Release|Any CPU.Build.0 = Release|Any CPU
	EndGlobalSection
	GlobalSection(SolutionProperties) = preSolution
		HideSolutionNode = FALSE
	EndGlobalSection
	GlobalSection(ExtensibilityGlobals) = postSolution
		SolutionGuid = {14248393-92FC-43A2-9B4D-E3435C4850BE}
	EndGlobalSection
EndGlobal
